
Microsoft Visual Studio Solution File, Format Version 12.00
# Visual Studio 15
VisualStudioVersion = 15.0.28010.2003
MinimumVisualStudioVersion = 10.0.40219.1
Project("{FAE04EC0-301F-11D3-BF4B-00C04F79EFBC}") = "LedResistanceCalculator", "LedResistanceCalculator\LedResistanceCalculator.csproj", "{00E427B3-AE06-47F3-B8F5-22B154C47FD0}"
EndProject
Global
	GlobalSection(SolutionConfigurationPlatforms) = preSolution
		Debug|Any CPU = Debug|Any CPU
		Release|Any CPU = Release|Any CPU
	EndGlobalSection
	GlobalSection(ProjectConfigurationPlatforms) = postSolution
		{00E427B3-AE06-47F3-B8F5-22B154C47FD0}.Debug|Any CPU.ActiveCfg = Debug|Any CPU
		{00E427B3-AE06-47F3-B8F5-22B154C47FD0}.Debug|Any CPU.Build.0 = Debug|Any CPU
		{00E427B3-AE06-47F3-B8F5-22B154C47FD0}.Release|Any CPU.ActiveCfg = Release|Any CPU
		{00E427B3-AE06-47F3-B8F5-22B154C47FD0}.Release|Any CPU.Build.0 = Release|Any CPU
	EndGlobalSection
	GlobalSection(SolutionProperties) = preSolution
		HideSolutionNode = FALSE
	EndGlobalSection
	GlobalSection(ExtensibilityGlobals) = postSolution
		SolutionGuid = {F97854BB-F6CD-42CB-A600-5B457594C7E1}
	EndGlobalSection
EndGlobal
